// !$*UTF8*$!
{
	archiveVersion = 1;
	classes = {
	};
	objectVersion = 48;
	objects = {

/* Begin PBXBuildFile section */
		A80539BC20685A650059562D /* AppDelegate.swift in Sources */ = {isa = PBXBuildFile; fileRef = A80539BB20685A650059562D /* AppDelegate.swift */; };
		A80539BE20685A650059562D /* GameScene.sks in Resources */ = {isa = PBXBuildFile; fileRef = A80539BD20685A650059562D /* GameScene.sks */; };
		A80539C220685A650059562D /* GameScene.swift in Sources */ = {isa = PBXBuildFile; fileRef = A80539C120685A650059562D /* GameScene.swift */; };
		A80539C420685A650059562D /* GameViewController.swift in Sources */ = {isa = PBXBuildFile; fileRef = A80539C320685A650059562D /* GameViewController.swift */; };
		A80539C720685A650059562D /* Main.storyboard in Resources */ = {isa = PBXBuildFile; fileRef = A80539C520685A650059562D /* Main.storyboard */; };
		A80539C920685A650059562D /* Assets.xcassets in Resources */ = {isa = PBXBuildFile; fileRef = A80539C820685A650059562D /* Assets.xcassets */; };
		A80539CC20685A650059562D /* LaunchScreen.storyboard in Resources */ = {isa = PBXBuildFile; fileRef = A80539CA20685A650059562D /* LaunchScreen.storyboard */; };
		A80539D720685A650059562D /* Block_RushTests.swift in Sources */ = {isa = PBXBuildFile; fileRef = A80539D620685A650059562D /* Block_RushTests.swift */; };
		A80539E220685A650059562D /* Block_RushUITests.swift in Sources */ = {isa = PBXBuildFile; fileRef = A80539E120685A650059562D /* Block_RushUITests.swift */; };
		A80539F0206863990059562D /* BottomPlayer.swift in Sources */ = {isa = PBXBuildFile; fileRef = A80539EF206863990059562D /* BottomPlayer.swift */; };
		A80539F220686CC60059562D /* Queue.swift in Sources */ = {isa = PBXBuildFile; fileRef = A80539F120686CC60059562D /* Queue.swift */; };
		A80539F420686FA40059562D /* Piece.swift in Sources */ = {isa = PBXBuildFile; fileRef = A80539F320686FA40059562D /* Piece.swift */; };
		A80539F6206961420059562D /* BlockRush.swift in Sources */ = {isa = PBXBuildFile; fileRef = A80539F5206961420059562D /* BlockRush.swift */; };
		A80539F8206963DC0059562D /* PlayField.swift in Sources */ = {isa = PBXBuildFile; fileRef = A80539F7206963DC0059562D /* PlayField.swift */; };
		A8071BD82079A2C100EC3272 /* SoundMenu.swift in Sources */ = {isa = PBXBuildFile; fileRef = A8071BD72079A2C100EC3272 /* SoundMenu.swift */; };
		A8071BDA2079A4B900EC3272 /* ControlMenu.swift in Sources */ = {isa = PBXBuildFile; fileRef = A8071BD92079A4B900EC3272 /* ControlMenu.swift */; };
		A8071BDC2079D5B900EC3272 /* TouchDevice.swift in Sources */ = {isa = PBXBuildFile; fileRef = A8071BDB2079D5B900EC3272 /* TouchDevice.swift */; };
		A8071BDE2079DF7400EC3272 /* Setting.swift in Sources */ = {isa = PBXBuildFile; fileRef = A8071BDD2079DF7400EC3272 /* Setting.swift */; };
		A8071BE2207AA4DA00EC3272 /* MenuSlider.swift in Sources */ = {isa = PBXBuildFile; fileRef = A8071BE1207AA4DA00EC3272 /* MenuSlider.swift */; };
		A8071BE9207AD39D00EC3272 /* SettingOption.swift in Sources */ = {isa = PBXBuildFile; fileRef = A8071BE8207AD39D00EC3272 /* SettingOption.swift */; };
		A8071BED207AD81E00EC3272 /* MenuSelector.swift in Sources */ = {isa = PBXBuildFile; fileRef = A8071BEC207AD81E00EC3272 /* MenuSelector.swift */; };
		A80CDA0E206C0FB800AA579B /* InputDevice.swift in Sources */ = {isa = PBXBuildFile; fileRef = A80CDA0D206C0FB800AA579B /* InputDevice.swift */; };
		A80CDA10206C14EC00AA579B /* Input.swift in Sources */ = {isa = PBXBuildFile; fileRef = A80CDA0F206C14EC00AA579B /* Input.swift */; };
		A80CDA12206C382700AA579B /* Player.swift in Sources */ = {isa = PBXBuildFile; fileRef = A80CDA11206C382700AA579B /* Player.swift */; };
		A80FE7022072BAE000E73E36 /* TopPlayer.swift in Sources */ = {isa = PBXBuildFile; fileRef = A80FE7012072BAE000E73E36 /* TopPlayer.swift */; };
		A80FE7042072D8E900E73E36 /* Block.swift in Sources */ = {isa = PBXBuildFile; fileRef = A80FE7032072D8E900E73E36 /* Block.swift */; };
		A8231F7820A54F1A000BC14E /* Chain1.wav in Resources */ = {isa = PBXBuildFile; fileRef = A8231F7720A54F1A000BC14E /* Chain1.wav */; };
		A8231F7F20A54FFF000BC14E /* Chain6.wav in Resources */ = {isa = PBXBuildFile; fileRef = A8231F7920A54FFF000BC14E /* Chain6.wav */; };
		A8231F8020A54FFF000BC14E /* Chain4.wav in Resources */ = {isa = PBXBuildFile; fileRef = A8231F7A20A54FFF000BC14E /* Chain4.wav */; };
		A8231F8120A54FFF000BC14E /* Chain2.wav in Resources */ = {isa = PBXBuildFile; fileRef = A8231F7B20A54FFF000BC14E /* Chain2.wav */; };
		A8231F8220A54FFF000BC14E /* Chain3.wav in Resources */ = {isa = PBXBuildFile; fileRef = A8231F7C20A54FFF000BC14E /* Chain3.wav */; };
		A8231F8320A54FFF000BC14E /* Chain7.wav in Resources */ = {isa = PBXBuildFile; fileRef = A8231F7D20A54FFF000BC14E /* Chain7.wav */; };
		A8231F8420A54FFF000BC14E /* Chain5.wav in Resources */ = {isa = PBXBuildFile; fileRef = A8231F7E20A54FFF000BC14E /* Chain5.wav */; };
		A83507052096C8E600DC7C37 /* DebugTools.swift in Sources */ = {isa = PBXBuildFile; fileRef = A83507042096C8E600DC7C37 /* DebugTools.swift */; };
		A83C576820B1076A002A482D /* Track1.aiff in Resources */ = {isa = PBXBuildFile; fileRef = A83C576720B106AB002A482D /* Track1.aiff */; };
		A83C576A20B10772002A482D /* Intro.aiff in Resources */ = {isa = PBXBuildFile; fileRef = A83C576920B10772002A482D /* Intro.aiff */; };
		A83C576C20B10A5D002A482D /* Winner.wav in Resources */ = {isa = PBXBuildFile; fileRef = A83C576B20B10A5D002A482D /* Winner.wav */; };
		A83C576E20B10B5E002A482D /* Loser.wav in Resources */ = {isa = PBXBuildFile; fileRef = A83C576D20B10B5E002A482D /* Loser.wav */; };
		A83C577020B10FC4002A482D /* Track2.aiff in Resources */ = {isa = PBXBuildFile; fileRef = A83C576F20B10FC4002A482D /* Track2.aiff */; };
		A83C577220B11111002A482D /* Track3.aiff in Resources */ = {isa = PBXBuildFile; fileRef = A83C577120B11111002A482D /* Track3.aiff */; };
		A83C577420B11266002A482D /* DemoGame.swift in Sources */ = {isa = PBXBuildFile; fileRef = A83C577320B11266002A482D /* DemoGame.swift */; };
		A83C577620B1181E002A482D /* ReplayDevice.swift in Sources */ = {isa = PBXBuildFile; fileRef = A83C577520B1181E002A482D /* ReplayDevice.swift */; };
		A83C577820B1E928002A482D /* IdleDevice.swift in Sources */ = {isa = PBXBuildFile; fileRef = A83C577720B1E928002A482D /* IdleDevice.swift */; };
		A83C577A20B2640B002A482D /* DelayedDevice.swift in Sources */ = {isa = PBXBuildFile; fileRef = A83C577920B2640B002A482D /* DelayedDevice.swift */; };
		A87302DC20B8735900B26F8F /* GameView.swift in Sources */ = {isa = PBXBuildFile; fileRef = A87302DB20B8735900B26F8F /* GameView.swift */; };
		A8A3A38E20D46FFF005E3DE3 /* ControllerObserver.swift in Sources */ = {isa = PBXBuildFile; fileRef = A8A3A38D20D46FFF005E3DE3 /* ControllerObserver.swift */; };
		A8C386D8209A405D00DB58D4 /* MoveTick.wav in Resources */ = {isa = PBXBuildFile; fileRef = A8C386D7209A405D00DB58D4 /* MoveTick.wav */; };
		A8C386DA209A43D800DB58D4 /* PlaySnap.wav in Resources */ = {isa = PBXBuildFile; fileRef = A8C386D9209A43D800DB58D4 /* PlaySnap.wav */; };
		A8C395CF2079546D00D57AE0 /* MainMenuScene.sks in Resources */ = {isa = PBXBuildFile; fileRef = A8C395CE2079546D00D57AE0 /* MainMenuScene.sks */; };
		A8C395D12079548F00D57AE0 /* MainMenuScene.swift in Sources */ = {isa = PBXBuildFile; fileRef = A8C395D02079548F00D57AE0 /* MainMenuScene.swift */; };
		A8C395D320795A5C00D57AE0 /* MenuOption.swift in Sources */ = {isa = PBXBuildFile; fileRef = A8C395D220795A5C00D57AE0 /* MenuOption.swift */; };
		A8C395D520795A9600D57AE0 /* GameMenu.swift in Sources */ = {isa = PBXBuildFile; fileRef = A8C395D420795A9600D57AE0 /* GameMenu.swift */; };
		A8C395D720795B3B00D57AE0 /* MenuAction.swift in Sources */ = {isa = PBXBuildFile; fileRef = A8C395D620795B3B00D57AE0 /* MenuAction.swift */; };
		A8D1D7FD209534ED004004EA /* MediatorDevice.swift in Sources */ = {isa = PBXBuildFile; fileRef = A8D1D7FC209534ED004004EA /* MediatorDevice.swift */; };
		A8D1D7FF2095381E004004EA /* PlayerType.swift in Sources */ = {isa = PBXBuildFile; fileRef = A8D1D7FE2095381E004004EA /* PlayerType.swift */; };
		A8D1D80120953F22004004EA /* BotDevice.swift in Sources */ = {isa = PBXBuildFile; fileRef = A8D1D80020953F22004004EA /* BotDevice.swift */; };
		A8E3F23521715B8A006DA2DA /* CaseIterable.extension.swift in Sources */ = {isa = PBXBuildFile; fileRef = A8E3F23421715B8A006DA2DA /* CaseIterable.extension.swift */; };
		A8E3F23721718CC3006DA2DA /* GameEvent.swift in Sources */ = {isa = PBXBuildFile; fileRef = A8E3F23621718CC3006DA2DA /* GameEvent.swift */; };
		A8E3F239217249C2006DA2DA /* GameMode.swift in Sources */ = {isa = PBXBuildFile; fileRef = A8E3F238217249C2006DA2DA /* GameMode.swift */; };
		A8E3F23B21726DD4006DA2DA /* FixedGame.swift in Sources */ = {isa = PBXBuildFile; fileRef = A8E3F23A21726DD4006DA2DA /* FixedGame.swift */; };
		A8E3F23E21727290006DA2DA /* HidePlayer.swift in Sources */ = {isa = PBXBuildFile; fileRef = A8E3F23D21727290006DA2DA /* HidePlayer.swift */; };
		A8E3F24121727360006DA2DA /* NoviceBot.swift in Sources */ = {isa = PBXBuildFile; fileRef = A8E3F24021727360006DA2DA /* NoviceBot.swift */; };
		A8E3F243217274BC006DA2DA /* AdeptBot.swift in Sources */ = {isa = PBXBuildFile; fileRef = A8E3F242217274BC006DA2DA /* AdeptBot.swift */; };
		A8E3F245217274F3006DA2DA /* ExpertBot.swift in Sources */ = {isa = PBXBuildFile; fileRef = A8E3F244217274F3006DA2DA /* ExpertBot.swift */; };
		A8E3F2472172753F006DA2DA /* MasterBot.swift in Sources */ = {isa = PBXBuildFile; fileRef = A8E3F2462172753F006DA2DA /* MasterBot.swift */; };
		A8E3F24B217276D8006DA2DA /* Dialogue.swift in Sources */ = {isa = PBXBuildFile; fileRef = A8E3F24A217276D8006DA2DA /* Dialogue.swift */; };
		A8E3F24F2172869D006DA2DA /* GameEventTrigger.swift in Sources */ = {isa = PBXBuildFile; fileRef = A8E3F24E2172869D006DA2DA /* GameEventTrigger.swift */; };
		A8E3F2532172B33D006DA2DA /* StopPlayer.swift in Sources */ = {isa = PBXBuildFile; fileRef = A8E3F2522172B33D006DA2DA /* StopPlayer.swift */; };
		A8E3F2572172B465006DA2DA /* DisableCountdown.swift in Sources */ = {isa = PBXBuildFile; fileRef = A8E3F2562172B465006DA2DA /* DisableCountdown.swift */; };
		A8E3F2592172B571006DA2DA /* Stall.swift in Sources */ = {isa = PBXBuildFile; fileRef = A8E3F2582172B571006DA2DA /* Stall.swift */; };
		A8E3F25B2172B66A006DA2DA /* DisableAllInputs.swift in Sources */ = {isa = PBXBuildFile; fileRef = A8E3F25A2172B66A006DA2DA /* DisableAllInputs.swift */; };
		A8E3F25D2172C088006DA2DA /* ReturnToMainMenu.swift in Sources */ = {isa = PBXBuildFile; fileRef = A8E3F25C2172C088006DA2DA /* ReturnToMainMenu.swift */; };
		A8E3F25F2172C536006DA2DA /* ReplaceActivePiece.swift in Sources */ = {isa = PBXBuildFile; fileRef = A8E3F25E2172C536006DA2DA /* ReplaceActivePiece.swift */; };
		A8E3F2612172C98F006DA2DA /* ForceQueuePiece.swift in Sources */ = {isa = PBXBuildFile; fileRef = A8E3F2602172C98F006DA2DA /* ForceQueuePiece.swift */; };
		A8E3F2632172D267006DA2DA /* EnableInput.swift in Sources */ = {isa = PBXBuildFile; fileRef = A8E3F2622172D267006DA2DA /* EnableInput.swift */; };
		A8E3F2652172DDBF006DA2DA /* ForceInput.swift in Sources */ = {isa = PBXBuildFile; fileRef = A8E3F2642172DDBF006DA2DA /* ForceInput.swift */; };
		A8E3F2672172E2F4006DA2DA /* MoveStack.swift in Sources */ = {isa = PBXBuildFile; fileRef = A8E3F2662172E2F4006DA2DA /* MoveStack.swift */; };
		A8E3F2692173ED1F006DA2DA /* SetStoredMovement.swift in Sources */ = {isa = PBXBuildFile; fileRef = A8E3F2682173ED1F006DA2DA /* SetStoredMovement.swift */; };
		A8E3F26B2173EE16006DA2DA /* SetFrameNumber.swift in Sources */ = {isa = PBXBuildFile; fileRef = A8E3F26A2173EE16006DA2DA /* SetFrameNumber.swift */; };
		A8E3F26D2173F411006DA2DA /* BeginFixedGame.swift in Sources */ = {isa = PBXBuildFile; fileRef = A8E3F26C2173F411006DA2DA /* BeginFixedGame.swift */; };
		A8EE4BAD217AA11200BAED34 /* ColorTheme.swift in Sources */ = {isa = PBXBuildFile; fileRef = A8EE4BAC217AA11200BAED34 /* ColorTheme.swift */; };
		A8EE4BAF217AB88C00BAED34 /* BlockThemeMenu.swift in Sources */ = {isa = PBXBuildFile; fileRef = A8EE4BAE217AB88C00BAED34 /* BlockThemeMenu.swift */; };
		A8EE4BB1217ABDDD00BAED34 /* TextureTheme.swift in Sources */ = {isa = PBXBuildFile; fileRef = A8EE4BB0217ABDDD00BAED34 /* TextureTheme.swift */; };
		A8EE4BB3217ABF5500BAED34 /* Block.Themes.swift in Sources */ = {isa = PBXBuildFile; fileRef = A8EE4BB2217ABF5500BAED34 /* Block.Themes.swift */; };
/* End PBXBuildFile section */

/* Begin PBXContainerItemProxy section */
		A80539D320685A650059562D /* PBXContainerItemProxy */ = {
			isa = PBXContainerItemProxy;
			containerPortal = A80539B020685A650059562D /* Project object */;
			proxyType = 1;
			remoteGlobalIDString = A80539B720685A650059562D;
			remoteInfo = "Block Rush";
		};
		A80539DE20685A650059562D /* PBXContainerItemProxy */ = {
			isa = PBXContainerItemProxy;
			containerPortal = A80539B020685A650059562D /* Project object */;
			proxyType = 1;
			remoteGlobalIDString = A80539B720685A650059562D;
			remoteInfo = "Block Rush";
		};
/* End PBXContainerItemProxy section */

/* Begin PBXFileReference section */
		A80539B820685A650059562D /* Block Rush.app */ = {isa = PBXFileReference; explicitFileType = wrapper.application; includeInIndex = 0; path = "Block Rush.app"; sourceTree = BUILT_PRODUCTS_DIR; };
		A80539BB20685A650059562D /* AppDelegate.swift */ = {isa = PBXFileReference; lastKnownFileType = sourcecode.swift; path = AppDelegate.swift; sourceTree = "<group>"; };
		A80539BD20685A650059562D /* GameScene.sks */ = {isa = PBXFileReference; lastKnownFileType = file.sks; path = GameScene.sks; sourceTree = "<group>"; };
		A80539C120685A650059562D /* GameScene.swift */ = {isa = PBXFileReference; lastKnownFileType = sourcecode.swift; path = GameScene.swift; sourceTree = "<group>"; };
		A80539C320685A650059562D /* GameViewController.swift */ = {isa = PBXFileReference; lastKnownFileType = sourcecode.swift; path = GameViewController.swift; sourceTree = "<group>"; };
		A80539C620685A650059562D /* Base */ = {isa = PBXFileReference; lastKnownFileType = file.storyboard; name = Base; path = Base.lproj/Main.storyboard; sourceTree = "<group>"; };
		A80539C820685A650059562D /* Assets.xcassets */ = {isa = PBXFileReference; lastKnownFileType = folder.assetcatalog; path = Assets.xcassets; sourceTree = "<group>"; };
		A80539CB20685A650059562D /* Base */ = {isa = PBXFileReference; lastKnownFileType = file.storyboard; name = Base; path = Base.lproj/LaunchScreen.storyboard; sourceTree = "<group>"; };
		A80539CD20685A650059562D /* Info.plist */ = {isa = PBXFileReference; lastKnownFileType = text.plist.xml; path = Info.plist; sourceTree = "<group>"; };
		A80539D220685A650059562D /* Block RushTests.xctest */ = {isa = PBXFileReference; explicitFileType = wrapper.cfbundle; includeInIndex = 0; path = "Block RushTests.xctest"; sourceTree = BUILT_PRODUCTS_DIR; };
		A80539D620685A650059562D /* Block_RushTests.swift */ = {isa = PBXFileReference; lastKnownFileType = sourcecode.swift; path = Block_RushTests.swift; sourceTree = "<group>"; };
		A80539D820685A650059562D /* Info.plist */ = {isa = PBXFileReference; lastKnownFileType = text.plist.xml; path = Info.plist; sourceTree = "<group>"; };
		A80539DD20685A650059562D /* Block RushUITests.xctest */ = {isa = PBXFileReference; explicitFileType = wrapper.cfbundle; includeInIndex = 0; path = "Block RushUITests.xctest"; sourceTree = BUILT_PRODUCTS_DIR; };
		A80539E120685A650059562D /* Block_RushUITests.swift */ = {isa = PBXFileReference; lastKnownFileType = sourcecode.swift; path = Block_RushUITests.swift; sourceTree = "<group>"; };
		A80539E320685A650059562D /* Info.plist */ = {isa = PBXFileReference; lastKnownFileType = text.plist.xml; path = Info.plist; sourceTree = "<group>"; };
		A80539EF206863990059562D /* BottomPlayer.swift */ = {isa = PBXFileReference; lastKnownFileType = sourcecode.swift; path = BottomPlayer.swift; sourceTree = "<group>"; };
		A80539F120686CC60059562D /* Queue.swift */ = {isa = PBXFileReference; lastKnownFileType = sourcecode.swift; path = Queue.swift; sourceTree = "<group>"; };
		A80539F320686FA40059562D /* Piece.swift */ = {isa = PBXFileReference; lastKnownFileType = sourcecode.swift; path = Piece.swift; sourceTree = "<group>"; };
		A80539F5206961420059562D /* BlockRush.swift */ = {isa = PBXFileReference; lastKnownFileType = sourcecode.swift; path = BlockRush.swift; sourceTree = "<group>"; };
		A80539F7206963DC0059562D /* PlayField.swift */ = {isa = PBXFileReference; lastKnownFileType = sourcecode.swift; path = PlayField.swift; sourceTree = "<group>"; };
		A8071BD72079A2C100EC3272 /* SoundMenu.swift */ = {isa = PBXFileReference; lastKnownFileType = sourcecode.swift; path = SoundMenu.swift; sourceTree = "<group>"; };
		A8071BD92079A4B900EC3272 /* ControlMenu.swift */ = {isa = PBXFileReference; lastKnownFileType = sourcecode.swift; path = ControlMenu.swift; sourceTree = "<group>"; };
		A8071BDB2079D5B900EC3272 /* TouchDevice.swift */ = {isa = PBXFileReference; lastKnownFileType = sourcecode.swift; path = TouchDevice.swift; sourceTree = "<group>"; };
		A8071BDD2079DF7400EC3272 /* Setting.swift */ = {isa = PBXFileReference; lastKnownFileType = sourcecode.swift; path = Setting.swift; sourceTree = "<group>"; };
		A8071BE1207AA4DA00EC3272 /* MenuSlider.swift */ = {isa = PBXFileReference; lastKnownFileType = sourcecode.swift; path = MenuSlider.swift; sourceTree = "<group>"; };
		A8071BE8207AD39D00EC3272 /* SettingOption.swift */ = {isa = PBXFileReference; lastKnownFileType = sourcecode.swift; path = SettingOption.swift; sourceTree = "<group>"; };
		A8071BEC207AD81E00EC3272 /* MenuSelector.swift */ = {isa = PBXFileReference; lastKnownFileType = sourcecode.swift; path = MenuSelector.swift; sourceTree = "<group>"; };
		A80CDA0D206C0FB800AA579B /* InputDevice.swift */ = {isa = PBXFileReference; lastKnownFileType = sourcecode.swift; path = InputDevice.swift; sourceTree = "<group>"; };
		A80CDA0F206C14EC00AA579B /* Input.swift */ = {isa = PBXFileReference; lastKnownFileType = sourcecode.swift; path = Input.swift; sourceTree = "<group>"; };
		A80CDA11206C382700AA579B /* Player.swift */ = {isa = PBXFileReference; lastKnownFileType = sourcecode.swift; path = Player.swift; sourceTree = "<group>"; };
		A80FE7012072BAE000E73E36 /* TopPlayer.swift */ = {isa = PBXFileReference; lastKnownFileType = sourcecode.swift; path = TopPlayer.swift; sourceTree = "<group>"; };
		A80FE7032072D8E900E73E36 /* Block.swift */ = {isa = PBXFileReference; lastKnownFileType = sourcecode.swift; path = Block.swift; sourceTree = "<group>"; };
		A8231F7720A54F1A000BC14E /* Chain1.wav */ = {isa = PBXFileReference; lastKnownFileType = audio.wav; path = Chain1.wav; sourceTree = "<group>"; };
		A8231F7920A54FFF000BC14E /* Chain6.wav */ = {isa = PBXFileReference; lastKnownFileType = audio.wav; path = Chain6.wav; sourceTree = "<group>"; };
		A8231F7A20A54FFF000BC14E /* Chain4.wav */ = {isa = PBXFileReference; lastKnownFileType = audio.wav; path = Chain4.wav; sourceTree = "<group>"; };
		A8231F7B20A54FFF000BC14E /* Chain2.wav */ = {isa = PBXFileReference; lastKnownFileType = audio.wav; path = Chain2.wav; sourceTree = "<group>"; };
		A8231F7C20A54FFF000BC14E /* Chain3.wav */ = {isa = PBXFileReference; lastKnownFileType = audio.wav; path = Chain3.wav; sourceTree = "<group>"; };
		A8231F7D20A54FFF000BC14E /* Chain7.wav */ = {isa = PBXFileReference; lastKnownFileType = audio.wav; path = Chain7.wav; sourceTree = "<group>"; };
		A8231F7E20A54FFF000BC14E /* Chain5.wav */ = {isa = PBXFileReference; lastKnownFileType = audio.wav; path = Chain5.wav; sourceTree = "<group>"; };
		A83507042096C8E600DC7C37 /* DebugTools.swift */ = {isa = PBXFileReference; lastKnownFileType = sourcecode.swift; path = DebugTools.swift; sourceTree = "<group>"; };
		A83C576720B106AB002A482D /* Track1.aiff */ = {isa = PBXFileReference; lastKnownFileType = audio.aiff; path = Track1.aiff; sourceTree = "<group>"; };
		A83C576920B10772002A482D /* Intro.aiff */ = {isa = PBXFileReference; lastKnownFileType = audio.aiff; path = Intro.aiff; sourceTree = "<group>"; };
		A83C576B20B10A5D002A482D /* Winner.wav */ = {isa = PBXFileReference; lastKnownFileType = audio.wav; path = Winner.wav; sourceTree = "<group>"; };
		A83C576D20B10B5E002A482D /* Loser.wav */ = {isa = PBXFileReference; lastKnownFileType = audio.wav; path = Loser.wav; sourceTree = "<group>"; };
		A83C576F20B10FC4002A482D /* Track2.aiff */ = {isa = PBXFileReference; lastKnownFileType = audio.aiff; path = Track2.aiff; sourceTree = "<group>"; };
		A83C577120B11111002A482D /* Track3.aiff */ = {isa = PBXFileReference; lastKnownFileType = audio.aiff; path = Track3.aiff; sourceTree = "<group>"; };
		A83C577320B11266002A482D /* DemoGame.swift */ = {isa = PBXFileReference; lastKnownFileType = sourcecode.swift; path = DemoGame.swift; sourceTree = "<group>"; };
		A83C577520B1181E002A482D /* ReplayDevice.swift */ = {isa = PBXFileReference; lastKnownFileType = sourcecode.swift; path = ReplayDevice.swift; sourceTree = "<group>"; };
		A83C577720B1E928002A482D /* IdleDevice.swift */ = {isa = PBXFileReference; lastKnownFileType = sourcecode.swift; path = IdleDevice.swift; sourceTree = "<group>"; };
		A83C577920B2640B002A482D /* DelayedDevice.swift */ = {isa = PBXFileReference; lastKnownFileType = sourcecode.swift; path = DelayedDevice.swift; sourceTree = "<group>"; };
		A87302DB20B8735900B26F8F /* GameView.swift */ = {isa = PBXFileReference; lastKnownFileType = sourcecode.swift; path = GameView.swift; sourceTree = "<group>"; };
		A8A3A38D20D46FFF005E3DE3 /* ControllerObserver.swift */ = {isa = PBXFileReference; lastKnownFileType = sourcecode.swift; path = ControllerObserver.swift; sourceTree = "<group>"; };
		A8C386D7209A405D00DB58D4 /* MoveTick.wav */ = {isa = PBXFileReference; lastKnownFileType = audio.wav; path = MoveTick.wav; sourceTree = "<group>"; };
		A8C386D9209A43D800DB58D4 /* PlaySnap.wav */ = {isa = PBXFileReference; lastKnownFileType = audio.wav; path = PlaySnap.wav; sourceTree = "<group>"; };
		A8C395CE2079546D00D57AE0 /* MainMenuScene.sks */ = {isa = PBXFileReference; lastKnownFileType = file.sks; path = MainMenuScene.sks; sourceTree = "<group>"; };
		A8C395D02079548F00D57AE0 /* MainMenuScene.swift */ = {isa = PBXFileReference; lastKnownFileType = sourcecode.swift; path = MainMenuScene.swift; sourceTree = "<group>"; };
		A8C395D220795A5C00D57AE0 /* MenuOption.swift */ = {isa = PBXFileReference; lastKnownFileType = sourcecode.swift; path = MenuOption.swift; sourceTree = "<group>"; };
		A8C395D420795A9600D57AE0 /* GameMenu.swift */ = {isa = PBXFileReference; lastKnownFileType = sourcecode.swift; path = GameMenu.swift; sourceTree = "<group>"; };
		A8C395D620795B3B00D57AE0 /* MenuAction.swift */ = {isa = PBXFileReference; lastKnownFileType = sourcecode.swift; path = MenuAction.swift; sourceTree = "<group>"; };
		A8D1D7FC209534ED004004EA /* MediatorDevice.swift */ = {isa = PBXFileReference; lastKnownFileType = sourcecode.swift; path = MediatorDevice.swift; sourceTree = "<group>"; };
		A8D1D7FE2095381E004004EA /* PlayerType.swift */ = {isa = PBXFileReference; lastKnownFileType = sourcecode.swift; path = PlayerType.swift; sourceTree = "<group>"; };
		A8D1D80020953F22004004EA /* BotDevice.swift */ = {isa = PBXFileReference; lastKnownFileType = sourcecode.swift; path = BotDevice.swift; sourceTree = "<group>"; };
		A8E3F23421715B8A006DA2DA /* CaseIterable.extension.swift */ = {isa = PBXFileReference; lastKnownFileType = sourcecode.swift; path = CaseIterable.extension.swift; sourceTree = "<group>"; };
		A8E3F23621718CC3006DA2DA /* GameEvent.swift */ = {isa = PBXFileReference; lastKnownFileType = sourcecode.swift; path = GameEvent.swift; sourceTree = "<group>"; };
		A8E3F238217249C2006DA2DA /* GameMode.swift */ = {isa = PBXFileReference; lastKnownFileType = sourcecode.swift; path = GameMode.swift; sourceTree = "<group>"; };
		A8E3F23A21726DD4006DA2DA /* FixedGame.swift */ = {isa = PBXFileReference; lastKnownFileType = sourcecode.swift; path = FixedGame.swift; sourceTree = "<group>"; };
		A8E3F23D21727290006DA2DA /* HidePlayer.swift */ = {isa = PBXFileReference; lastKnownFileType = sourcecode.swift; path = HidePlayer.swift; sourceTree = "<group>"; };
		A8E3F24021727360006DA2DA /* NoviceBot.swift */ = {isa = PBXFileReference; lastKnownFileType = sourcecode.swift; path = NoviceBot.swift; sourceTree = "<group>"; };
		A8E3F242217274BC006DA2DA /* AdeptBot.swift */ = {isa = PBXFileReference; lastKnownFileType = sourcecode.swift; path = AdeptBot.swift; sourceTree = "<group>"; };
		A8E3F244217274F3006DA2DA /* ExpertBot.swift */ = {isa = PBXFileReference; lastKnownFileType = sourcecode.swift; path = ExpertBot.swift; sourceTree = "<group>"; };
		A8E3F2462172753F006DA2DA /* MasterBot.swift */ = {isa = PBXFileReference; lastKnownFileType = sourcecode.swift; path = MasterBot.swift; sourceTree = "<group>"; };
		A8E3F24A217276D8006DA2DA /* Dialogue.swift */ = {isa = PBXFileReference; lastKnownFileType = sourcecode.swift; path = Dialogue.swift; sourceTree = "<group>"; };
		A8E3F24E2172869D006DA2DA /* GameEventTrigger.swift */ = {isa = PBXFileReference; lastKnownFileType = sourcecode.swift; path = GameEventTrigger.swift; sourceTree = "<group>"; };
		A8E3F2522172B33D006DA2DA /* StopPlayer.swift */ = {isa = PBXFileReference; lastKnownFileType = sourcecode.swift; path = StopPlayer.swift; sourceTree = "<group>"; };
		A8E3F2562172B465006DA2DA /* DisableCountdown.swift */ = {isa = PBXFileReference; lastKnownFileType = sourcecode.swift; path = DisableCountdown.swift; sourceTree = "<group>"; };
		A8E3F2582172B571006DA2DA /* Stall.swift */ = {isa = PBXFileReference; lastKnownFileType = sourcecode.swift; path = Stall.swift; sourceTree = "<group>"; };
		A8E3F25A2172B66A006DA2DA /* DisableAllInputs.swift */ = {isa = PBXFileReference; lastKnownFileType = sourcecode.swift; path = DisableAllInputs.swift; sourceTree = "<group>"; };
		A8E3F25C2172C088006DA2DA /* ReturnToMainMenu.swift */ = {isa = PBXFileReference; lastKnownFileType = sourcecode.swift; path = ReturnToMainMenu.swift; sourceTree = "<group>"; };
		A8E3F25E2172C536006DA2DA /* ReplaceActivePiece.swift */ = {isa = PBXFileReference; lastKnownFileType = sourcecode.swift; path = ReplaceActivePiece.swift; sourceTree = "<group>"; };
		A8E3F2602172C98F006DA2DA /* ForceQueuePiece.swift */ = {isa = PBXFileReference; lastKnownFileType = sourcecode.swift; path = ForceQueuePiece.swift; sourceTree = "<group>"; };
		A8E3F2622172D267006DA2DA /* EnableInput.swift */ = {isa = PBXFileReference; lastKnownFileType = sourcecode.swift; path = EnableInput.swift; sourceTree = "<group>"; };
		A8E3F2642172DDBF006DA2DA /* ForceInput.swift */ = {isa = PBXFileReference; lastKnownFileType = sourcecode.swift; path = ForceInput.swift; sourceTree = "<group>"; };
		A8E3F2662172E2F4006DA2DA /* MoveStack.swift */ = {isa = PBXFileReference; lastKnownFileType = sourcecode.swift; path = MoveStack.swift; sourceTree = "<group>"; };
		A8E3F2682173ED1F006DA2DA /* SetStoredMovement.swift */ = {isa = PBXFileReference; lastKnownFileType = sourcecode.swift; path = SetStoredMovement.swift; sourceTree = "<group>"; };
		A8E3F26A2173EE16006DA2DA /* SetFrameNumber.swift */ = {isa = PBXFileReference; lastKnownFileType = sourcecode.swift; path = SetFrameNumber.swift; sourceTree = "<group>"; };
		A8E3F26C2173F411006DA2DA /* BeginFixedGame.swift */ = {isa = PBXFileReference; lastKnownFileType = sourcecode.swift; path = BeginFixedGame.swift; sourceTree = "<group>"; };
		A8EE4BAC217AA11200BAED34 /* ColorTheme.swift */ = {isa = PBXFileReference; lastKnownFileType = sourcecode.swift; path = ColorTheme.swift; sourceTree = "<group>"; };
		A8EE4BAE217AB88C00BAED34 /* BlockThemeMenu.swift */ = {isa = PBXFileReference; lastKnownFileType = sourcecode.swift; path = BlockThemeMenu.swift; sourceTree = "<group>"; };
		A8EE4BB0217ABDDD00BAED34 /* TextureTheme.swift */ = {isa = PBXFileReference; lastKnownFileType = sourcecode.swift; path = TextureTheme.swift; sourceTree = "<group>"; };
		A8EE4BB2217ABF5500BAED34 /* Block.Themes.swift */ = {isa = PBXFileReference; lastKnownFileType = sourcecode.swift; path = Block.Themes.swift; sourceTree = "<group>"; };
/* End PBXFileReference section */

/* Begin PBXFrameworksBuildPhase section */
		A80539B520685A650059562D /* Frameworks */ = {
			isa = PBXFrameworksBuildPhase;
			buildActionMask = 2147483647;
			files = (
			);
			runOnlyForDeploymentPostprocessing = 0;
		};
		A80539CF20685A650059562D /* Frameworks */ = {
			isa = PBXFrameworksBuildPhase;
			buildActionMask = 2147483647;
			files = (
			);
			runOnlyForDeploymentPostprocessing = 0;
		};
		A80539DA20685A650059562D /* Frameworks */ = {
			isa = PBXFrameworksBuildPhase;
			buildActionMask = 2147483647;
			files = (
			);
			runOnlyForDeploymentPostprocessing = 0;
		};
/* End PBXFrameworksBuildPhase section */

/* Begin PBXGroup section */
		A801FC6D20A285BC00176400 /* Music */ = {
			isa = PBXGroup;
			children = (
				A83C576920B10772002A482D /* Intro.aiff */,
				A83C576720B106AB002A482D /* Track1.aiff */,
				A83C576F20B10FC4002A482D /* Track2.aiff */,
				A83C577120B11111002A482D /* Track3.aiff */,
			);
			path = Music;
			sourceTree = "<group>";
		};
		A80539AF20685A650059562D = {
			isa = PBXGroup;
			children = (
				A801FC6D20A285BC00176400 /* Music */,
				A83507082097D36800DC7C37 /* Sounds */,
				A80539BA20685A650059562D /* Block Rush */,
				A80539D520685A650059562D /* Block RushTests */,
				A80539E020685A650059562D /* Block RushUITests */,
				A80539B920685A650059562D /* Products */,
			);
			sourceTree = "<group>";
		};
		A80539B920685A650059562D /* Products */ = {
			isa = PBXGroup;
			children = (
				A80539B820685A650059562D /* Block Rush.app */,
				A80539D220685A650059562D /* Block RushTests.xctest */,
				A80539DD20685A650059562D /* Block RushUITests.xctest */,
			);
			name = Products;
			sourceTree = "<group>";
		};
		A80539BA20685A650059562D /* Block Rush */ = {
			isa = PBXGroup;
			children = (
				A8E3F23421715B8A006DA2DA /* CaseIterable.extension.swift */,
				A83507042096C8E600DC7C37 /* DebugTools.swift */,
				A80539F120686CC60059562D /* Queue.swift */,
				A80539F5206961420059562D /* BlockRush.swift */,
				A8EE4BAC217AA11200BAED34 /* ColorTheme.swift */,
				A8EE4BB0217ABDDD00BAED34 /* TextureTheme.swift */,
				A80539CD20685A650059562D /* Info.plist */,
				A80539BB20685A650059562D /* AppDelegate.swift */,
				A8E3F23C2172724D006DA2DA /* FixedGames */,
				A8071BEA207AD47A00EC3272 /* StoryboardLogic */,
				A8071BE7207AD36000EC3272 /* SettingsLogic */,
				A8071BE3207AD26800EC3272 /* Scenes */,
				A8071BE6207AD2F400EC3272 /* GameLogic */,
				A8071BE5207AD2C600EC3272 /* InputLogic */,
				A8071BEB207AD4A200EC3272 /* MenuLogic */,
				A80539C820685A650059562D /* Assets.xcassets */,
			);
			path = "Block Rush";
			sourceTree = "<group>";
		};
		A80539D520685A650059562D /* Block RushTests */ = {
			isa = PBXGroup;
			children = (
				A80539D620685A650059562D /* Block_RushTests.swift */,
				A80539D820685A650059562D /* Info.plist */,
			);
			path = "Block RushTests";
			sourceTree = "<group>";
		};
		A80539E020685A650059562D /* Block RushUITests */ = {
			isa = PBXGroup;
			children = (
				A80539E120685A650059562D /* Block_RushUITests.swift */,
				A80539E320685A650059562D /* Info.plist */,
			);
			path = "Block RushUITests";
			sourceTree = "<group>";
		};
		A8071BE3207AD26800EC3272 /* Scenes */ = {
			isa = PBXGroup;
			children = (
				A8071BE4207AD28700EC3272 /* SceneFiles */,
				A8C395D02079548F00D57AE0 /* MainMenuScene.swift */,
				A80539C120685A650059562D /* GameScene.swift */,
			);
			path = Scenes;
			sourceTree = "<group>";
		};
		A8071BE4207AD28700EC3272 /* SceneFiles */ = {
			isa = PBXGroup;
			children = (
				A8C395CE2079546D00D57AE0 /* MainMenuScene.sks */,
				A80539BD20685A650059562D /* GameScene.sks */,
			);
			path = SceneFiles;
			sourceTree = "<group>";
		};
		A8071BE5207AD2C600EC3272 /* InputLogic */ = {
			isa = PBXGroup;
			children = (
				A8E3F23F2172733A006DA2DA /* BotDevices */,
				A80CDA0F206C14EC00AA579B /* Input.swift */,
				A80CDA0D206C0FB800AA579B /* InputDevice.swift */,
				A8071BDB2079D5B900EC3272 /* TouchDevice.swift */,
				A8D1D7FC209534ED004004EA /* MediatorDevice.swift */,
				A83C577520B1181E002A482D /* ReplayDevice.swift */,
				A83C577720B1E928002A482D /* IdleDevice.swift */,
				A83C577920B2640B002A482D /* DelayedDevice.swift */,
				A8A3A38D20D46FFF005E3DE3 /* ControllerObserver.swift */,
			);
			path = InputLogic;
			sourceTree = "<group>";
		};
		A8071BE6207AD2F400EC3272 /* GameLogic */ = {
			isa = PBXGroup;
			children = (
				A80539F7206963DC0059562D /* PlayField.swift */,
				A80CDA11206C382700AA579B /* Player.swift */,
				A80539EF206863990059562D /* BottomPlayer.swift */,
				A80FE7012072BAE000E73E36 /* TopPlayer.swift */,
				A80539F320686FA40059562D /* Piece.swift */,
				A80FE7032072D8E900E73E36 /* Block.swift */,
				A8EE4BB2217ABF5500BAED34 /* Block.Themes.swift */,
				A8D1D7FE2095381E004004EA /* PlayerType.swift */,
				A8E3F238217249C2006DA2DA /* GameMode.swift */,
			);
			path = GameLogic;
			sourceTree = "<group>";
		};
		A8071BE7207AD36000EC3272 /* SettingsLogic */ = {
			isa = PBXGroup;
			children = (
				A8071BDD2079DF7400EC3272 /* Setting.swift */,
				A8071BE8207AD39D00EC3272 /* SettingOption.swift */,
			);
			path = SettingsLogic;
			sourceTree = "<group>";
		};
		A8071BEA207AD47A00EC3272 /* StoryboardLogic */ = {
			isa = PBXGroup;
			children = (
				A80539CA20685A650059562D /* LaunchScreen.storyboard */,
				A80539C520685A650059562D /* Main.storyboard */,
				A80539C320685A650059562D /* GameViewController.swift */,
				A87302DB20B8735900B26F8F /* GameView.swift */,
			);
			path = StoryboardLogic;
			sourceTree = "<group>";
		};
		A8071BEB207AD4A200EC3272 /* MenuLogic */ = {
			isa = PBXGroup;
			children = (
				A8C395D220795A5C00D57AE0 /* MenuOption.swift */,
				A8C395D620795B3B00D57AE0 /* MenuAction.swift */,
				A8C395D420795A9600D57AE0 /* GameMenu.swift */,
				A8EE4BAE217AB88C00BAED34 /* BlockThemeMenu.swift */,
				A8071BD92079A4B900EC3272 /* ControlMenu.swift */,
				A8071BD72079A2C100EC3272 /* SoundMenu.swift */,
				A8071BE1207AA4DA00EC3272 /* MenuSlider.swift */,
				A8071BEC207AD81E00EC3272 /* MenuSelector.swift */,
			);
			path = MenuLogic;
			sourceTree = "<group>";
		};
		A83507082097D36800DC7C37 /* Sounds */ = {
			isa = PBXGroup;
			children = (
				A8C386D7209A405D00DB58D4 /* MoveTick.wav */,
				A8C386D9209A43D800DB58D4 /* PlaySnap.wav */,
				A8231F7720A54F1A000BC14E /* Chain1.wav */,
				A8231F7B20A54FFF000BC14E /* Chain2.wav */,
				A8231F7C20A54FFF000BC14E /* Chain3.wav */,
				A8231F7A20A54FFF000BC14E /* Chain4.wav */,
				A8231F7E20A54FFF000BC14E /* Chain5.wav */,
				A8231F7920A54FFF000BC14E /* Chain6.wav */,
				A8231F7D20A54FFF000BC14E /* Chain7.wav */,
				A83C576B20B10A5D002A482D /* Winner.wav */,
				A83C576D20B10B5E002A482D /* Loser.wav */,
			);
			path = Sounds;
			sourceTree = "<group>";
		};
		A8E3F23C2172724D006DA2DA /* FixedGames */ = {
			isa = PBXGroup;
			children = (
				A83C577320B11266002A482D /* DemoGame.swift */,
				A8E3F24E2172869D006DA2DA /* GameEventTrigger.swift */,
				A8E3F23A21726DD4006DA2DA /* FixedGame.swift */,
				A8E3F24C21728657006DA2DA /* GameEvents */,
			);
			path = FixedGames;
			sourceTree = "<group>";
		};
		A8E3F23F2172733A006DA2DA /* BotDevices */ = {
			isa = PBXGroup;
			children = (
				A8D1D80020953F22004004EA /* BotDevice.swift */,
				A8E3F24021727360006DA2DA /* NoviceBot.swift */,
				A8E3F242217274BC006DA2DA /* AdeptBot.swift */,
				A8E3F244217274F3006DA2DA /* ExpertBot.swift */,
				A8E3F2462172753F006DA2DA /* MasterBot.swift */,
			);
			path = BotDevices;
			sourceTree = "<group>";
		};
		A8E3F24C21728657006DA2DA /* GameEvents */ = {
			isa = PBXGroup;
			children = (
				A8E3F23621718CC3006DA2DA /* GameEvent.swift */,
				A8E3F2662172E2F4006DA2DA /* MoveStack.swift */,
				A8E3F23D21727290006DA2DA /* HidePlayer.swift */,
				A8E3F2522172B33D006DA2DA /* StopPlayer.swift */,
				A8E3F24A217276D8006DA2DA /* Dialogue.swift */,
				A8E3F2562172B465006DA2DA /* DisableCountdown.swift */,
				A8E3F2582172B571006DA2DA /* Stall.swift */,
				A8E3F25A2172B66A006DA2DA /* DisableAllInputs.swift */,
				A8E3F25C2172C088006DA2DA /* ReturnToMainMenu.swift */,
				A8E3F25E2172C536006DA2DA /* ReplaceActivePiece.swift */,
				A8E3F2602172C98F006DA2DA /* ForceQueuePiece.swift */,
				A8E3F2622172D267006DA2DA /* EnableInput.swift */,
				A8E3F2642172DDBF006DA2DA /* ForceInput.swift */,
				A8E3F2682173ED1F006DA2DA /* SetStoredMovement.swift */,
				A8E3F26A2173EE16006DA2DA /* SetFrameNumber.swift */,
				A8E3F26C2173F411006DA2DA /* BeginFixedGame.swift */,
			);
			path = GameEvents;
			sourceTree = "<group>";
		};
/* End PBXGroup section */

/* Begin PBXNativeTarget section */
		A80539B720685A650059562D /* Block Rush */ = {
			isa = PBXNativeTarget;
			buildConfigurationList = A80539E620685A650059562D /* Build configuration list for PBXNativeTarget "Block Rush" */;
			buildPhases = (
				A80539B420685A650059562D /* Sources */,
				A80539B520685A650059562D /* Frameworks */,
				A80539B620685A650059562D /* Resources */,
			);
			buildRules = (
			);
			dependencies = (
			);
			name = "Block Rush";
			productName = "Block Rush";
			productReference = A80539B820685A650059562D /* Block Rush.app */;
			productType = "com.apple.product-type.application";
		};
		A80539D120685A650059562D /* Block RushTests */ = {
			isa = PBXNativeTarget;
			buildConfigurationList = A80539E920685A650059562D /* Build configuration list for PBXNativeTarget "Block RushTests" */;
			buildPhases = (
				A80539CE20685A650059562D /* Sources */,
				A80539CF20685A650059562D /* Frameworks */,
				A80539D020685A650059562D /* Resources */,
			);
			buildRules = (
			);
			dependencies = (
				A80539D420685A650059562D /* PBXTargetDependency */,
			);
			name = "Block RushTests";
			productName = "Block RushTests";
			productReference = A80539D220685A650059562D /* Block RushTests.xctest */;
			productType = "com.apple.product-type.bundle.unit-test";
		};
		A80539DC20685A650059562D /* Block RushUITests */ = {
			isa = PBXNativeTarget;
			buildConfigurationList = A80539EC20685A650059562D /* Build configuration list for PBXNativeTarget "Block RushUITests" */;
			buildPhases = (
				A80539D920685A650059562D /* Sources */,
				A80539DA20685A650059562D /* Frameworks */,
				A80539DB20685A650059562D /* Resources */,
			);
			buildRules = (
			);
			dependencies = (
				A80539DF20685A650059562D /* PBXTargetDependency */,
			);
			name = "Block RushUITests";
			productName = "Block RushUITests";
			productReference = A80539DD20685A650059562D /* Block RushUITests.xctest */;
			productType = "com.apple.product-type.bundle.ui-testing";
		};
/* End PBXNativeTarget section */

/* Begin PBXProject section */
		A80539B020685A650059562D /* Project object */ = {
			isa = PBXProject;
			attributes = {
				LastSwiftUpdateCheck = 0920;
				LastUpgradeCheck = 0930;
				TargetAttributes = {
					A80539B720685A650059562D = {
						CreatedOnToolsVersion = 9.2;
						LastSwiftMigration = 1000;
						ProvisioningStyle = Automatic;
					};
					A80539D120685A650059562D = {
						CreatedOnToolsVersion = 9.2;
						LastSwiftMigration = 1000;
						ProvisioningStyle = Automatic;
						TestTargetID = A80539B720685A650059562D;
					};
					A80539DC20685A650059562D = {
						CreatedOnToolsVersion = 9.2;
						LastSwiftMigration = 1000;
						ProvisioningStyle = Automatic;
						TestTargetID = A80539B720685A650059562D;
					};
				};
			};
			buildConfigurationList = A80539B320685A650059562D /* Build configuration list for PBXProject "Block Rush" */;
			compatibilityVersion = "Xcode 8.0";
			developmentRegion = en;
			hasScannedForEncodings = 0;
			knownRegions = (
				en,
				Base,
			);
			mainGroup = A80539AF20685A650059562D;
			productRefGroup = A80539B920685A650059562D /* Products */;
			projectDirPath = "";
			projectRoot = "";
			targets = (
				A80539B720685A650059562D /* Block Rush */,
				A80539D120685A650059562D /* Block RushTests */,
				A80539DC20685A650059562D /* Block RushUITests */,
			);
		};
/* End PBXProject section */

/* Begin PBXResourcesBuildPhase section */
		A80539B620685A650059562D /* Resources */ = {
			isa = PBXResourcesBuildPhase;
			buildActionMask = 2147483647;
			files = (
				A83C576A20B10772002A482D /* Intro.aiff in Resources */,
				A83C576820B1076A002A482D /* Track1.aiff in Resources */,
				A8C386D8209A405D00DB58D4 /* MoveTick.wav in Resources */,
				A8C386DA209A43D800DB58D4 /* PlaySnap.wav in Resources */,
				A8231F7820A54F1A000BC14E /* Chain1.wav in Resources */,
				A8231F8120A54FFF000BC14E /* Chain2.wav in Resources */,
				A8231F8220A54FFF000BC14E /* Chain3.wav in Resources */,
				A8231F8020A54FFF000BC14E /* Chain4.wav in Resources */,
				A8231F8420A54FFF000BC14E /* Chain5.wav in Resources */,
				A8231F7F20A54FFF000BC14E /* Chain6.wav in Resources */,
				A8231F8320A54FFF000BC14E /* Chain7.wav in Resources */,
				A83C577020B10FC4002A482D /* Track2.aiff in Resources */,
				A83C576C20B10A5D002A482D /* Winner.wav in Resources */,
				A83C576E20B10B5E002A482D /* Loser.wav in Resources */,
				A80539BE20685A650059562D /* GameScene.sks in Resources */,
				A83C577220B11111002A482D /* Track3.aiff in Resources */,
				A8C395CF2079546D00D57AE0 /* MainMenuScene.sks in Resources */,
				A80539CC20685A650059562D /* LaunchScreen.storyboard in Resources */,
				A80539C720685A650059562D /* Main.storyboard in Resources */,
				A80539C920685A650059562D /* Assets.xcassets in Resources */,
			);
			runOnlyForDeploymentPostprocessing = 0;
		};
		A80539D020685A650059562D /* Resources */ = {
			isa = PBXResourcesBuildPhase;
			buildActionMask = 2147483647;
			files = (
			);
			runOnlyForDeploymentPostprocessing = 0;
		};
		A80539DB20685A650059562D /* Resources */ = {
			isa = PBXResourcesBuildPhase;
			buildActionMask = 2147483647;
			files = (
			);
			runOnlyForDeploymentPostprocessing = 0;
		};
/* End PBXResourcesBuildPhase section */

/* Begin PBXSourcesBuildPhase section */
		A80539B420685A650059562D /* Sources */ = {
			isa = PBXSourcesBuildPhase;
			buildActionMask = 2147483647;
			files = (
				A80CDA12206C382700AA579B /* Player.swift in Sources */,
				A8E3F2632172D267006DA2DA /* EnableInput.swift in Sources */,
				A8E3F2692173ED1F006DA2DA /* SetStoredMovement.swift in Sources */,
				A8E3F2532172B33D006DA2DA /* StopPlayer.swift in Sources */,
				A8C395D720795B3B00D57AE0 /* MenuAction.swift in Sources */,
				A8C395D320795A5C00D57AE0 /* MenuOption.swift in Sources */,
				A8E3F24F2172869D006DA2DA /* GameEventTrigger.swift in Sources */,
				A8E3F24121727360006DA2DA /* NoviceBot.swift in Sources */,
				A80CDA10206C14EC00AA579B /* Input.swift in Sources */,
				A8D1D7FD209534ED004004EA /* MediatorDevice.swift in Sources */,
				A83507052096C8E600DC7C37 /* DebugTools.swift in Sources */,
				A8071BE9207AD39D00EC3272 /* SettingOption.swift in Sources */,
				A83C577620B1181E002A482D /* ReplayDevice.swift in Sources */,
				A83C577420B11266002A482D /* DemoGame.swift in Sources */,
				A8071BED207AD81E00EC3272 /* MenuSelector.swift in Sources */,
				A80FE7042072D8E900E73E36 /* Block.swift in Sources */,
				A80539F0206863990059562D /* BottomPlayer.swift in Sources */,
				A8C395D520795A9600D57AE0 /* GameMenu.swift in Sources */,
				A83C577A20B2640B002A482D /* DelayedDevice.swift in Sources */,
				A8071BDC2079D5B900EC3272 /* TouchDevice.swift in Sources */,
				A8E3F25F2172C536006DA2DA /* ReplaceActivePiece.swift in Sources */,
				A8EE4BAD217AA11200BAED34 /* ColorTheme.swift in Sources */,
				A8E3F243217274BC006DA2DA /* AdeptBot.swift in Sources */,
				A8071BE2207AA4DA00EC3272 /* MenuSlider.swift in Sources */,
				A80539C220685A650059562D /* GameScene.swift in Sources */,
				A8E3F23B21726DD4006DA2DA /* FixedGame.swift in Sources */,
				A8A3A38E20D46FFF005E3DE3 /* ControllerObserver.swift in Sources */,
				A8E3F23721718CC3006DA2DA /* GameEvent.swift in Sources */,
				A8E3F25D2172C088006DA2DA /* ReturnToMainMenu.swift in Sources */,
				A8E3F25B2172B66A006DA2DA /* DisableAllInputs.swift in Sources */,
				A8E3F2672172E2F4006DA2DA /* MoveStack.swift in Sources */,
				A80539F6206961420059562D /* BlockRush.swift in Sources */,
				A8E3F26B2173EE16006DA2DA /* SetFrameNumber.swift in Sources */,
				A80CDA0E206C0FB800AA579B /* InputDevice.swift in Sources */,
				A8E3F2472172753F006DA2DA /* MasterBot.swift in Sources */,
				A80539F420686FA40059562D /* Piece.swift in Sources */,
				A8E3F2612172C98F006DA2DA /* ForceQueuePiece.swift in Sources */,
				A8E3F26D2173F411006DA2DA /* BeginFixedGame.swift in Sources */,
				A80539F8206963DC0059562D /* PlayField.swift in Sources */,
				A80539F220686CC60059562D /* Queue.swift in Sources */,
				A80539C420685A650059562D /* GameViewController.swift in Sources */,
				A8071BDA2079A4B900EC3272 /* ControlMenu.swift in Sources */,
				A80FE7022072BAE000E73E36 /* TopPlayer.swift in Sources */,
				A8EE4BB1217ABDDD00BAED34 /* TextureTheme.swift in Sources */,
				A83C577820B1E928002A482D /* IdleDevice.swift in Sources */,
				A8E3F245217274F3006DA2DA /* ExpertBot.swift in Sources */,
				A8E3F24B217276D8006DA2DA /* Dialogue.swift in Sources */,
				A8E3F2592172B571006DA2DA /* Stall.swift in Sources */,
				A8D1D7FF2095381E004004EA /* PlayerType.swift in Sources */,
				A8E3F2572172B465006DA2DA /* DisableCountdown.swift in Sources */,
				A8D1D80120953F22004004EA /* BotDevice.swift in Sources */,
				A8E3F23E21727290006DA2DA /* HidePlayer.swift in Sources */,
				A8EE4BB3217ABF5500BAED34 /* Block.Themes.swift in Sources */,
				A8C395D12079548F00D57AE0 /* MainMenuScene.swift in Sources */,
				A8071BDE2079DF7400EC3272 /* Setting.swift in Sources */,
				A8E3F2652172DDBF006DA2DA /* ForceInput.swift in Sources */,
				A8E3F239217249C2006DA2DA /* GameMode.swift in Sources */,
				A8E3F23521715B8A006DA2DA /* CaseIterable.extension.swift in Sources */,
				A8071BD82079A2C100EC3272 /* SoundMenu.swift in Sources */,
				A80539BC20685A650059562D /* AppDelegate.swift in Sources */,
				A8EE4BAF217AB88C00BAED34 /* BlockThemeMenu.swift in Sources */,
				A87302DC20B8735900B26F8F /* GameView.swift in Sources */,
			);
			runOnlyForDeploymentPostprocessing = 0;
		};
		A80539CE20685A650059562D /* Sources */ = {
			isa = PBXSourcesBuildPhase;
			buildActionMask = 2147483647;
			files = (
				A80539D720685A650059562D /* Block_RushTests.swift in Sources */,
			);
			runOnlyForDeploymentPostprocessing = 0;
		};
		A80539D920685A650059562D /* Sources */ = {
			isa = PBXSourcesBuildPhase;
			buildActionMask = 2147483647;
			files = (
				A80539E220685A650059562D /* Block_RushUITests.swift in Sources */,
			);
			runOnlyForDeploymentPostprocessing = 0;
		};
/* End PBXSourcesBuildPhase section */

/* Begin PBXTargetDependency section */
		A80539D420685A650059562D /* PBXTargetDependency */ = {
			isa = PBXTargetDependency;
			target = A80539B720685A650059562D /* Block Rush */;
			targetProxy = A80539D320685A650059562D /* PBXContainerItemProxy */;
		};
		A80539DF20685A650059562D /* PBXTargetDependency */ = {
			isa = PBXTargetDependency;
			target = A80539B720685A650059562D /* Block Rush */;
			targetProxy = A80539DE20685A650059562D /* PBXContainerItemProxy */;
		};
/* End PBXTargetDependency section */

/* Begin PBXVariantGroup section */
		A80539C520685A650059562D /* Main.storyboard */ = {
			isa = PBXVariantGroup;
			children = (
				A80539C620685A650059562D /* Base */,
			);
			name = Main.storyboard;
			sourceTree = "<group>";
		};
		A80539CA20685A650059562D /* LaunchScreen.storyboard */ = {
			isa = PBXVariantGroup;
			children = (
				A80539CB20685A650059562D /* Base */,
			);
			name = LaunchScreen.storyboard;
			sourceTree = "<group>";
		};
/* End PBXVariantGroup section */

/* Begin XCBuildConfiguration section */
		A80539E420685A650059562D /* Debug */ = {
			isa = XCBuildConfiguration;
			buildSettings = {
				ALWAYS_SEARCH_USER_PATHS = NO;
				CLANG_ANALYZER_NONNULL = YES;
				CLANG_ANALYZER_NUMBER_OBJECT_CONVERSION = YES_AGGRESSIVE;
				CLANG_CXX_LANGUAGE_STANDARD = "gnu++14";
				CLANG_CXX_LIBRARY = "libc++";
				CLANG_ENABLE_MODULES = YES;
				CLANG_ENABLE_OBJC_ARC = YES;
				CLANG_WARN_BLOCK_CAPTURE_AUTORELEASING = YES;
				CLANG_WARN_BOOL_CONVERSION = YES;
				CLANG_WARN_COMMA = YES;
				CLANG_WARN_CONSTANT_CONVERSION = YES;
				CLANG_WARN_DEPRECATED_OBJC_IMPLEMENTATIONS = YES;
				CLANG_WARN_DIRECT_OBJC_ISA_USAGE = YES_ERROR;
				CLANG_WARN_DOCUMENTATION_COMMENTS = YES;
				CLANG_WARN_EMPTY_BODY = YES;
				CLANG_WARN_ENUM_CONVERSION = YES;
				CLANG_WARN_INFINITE_RECURSION = YES;
				CLANG_WARN_INT_CONVERSION = YES;
				CLANG_WARN_NON_LITERAL_NULL_CONVERSION = YES;
				CLANG_WARN_OBJC_IMPLICIT_RETAIN_SELF = YES;
				CLANG_WARN_OBJC_LITERAL_CONVERSION = YES;
				CLANG_WARN_OBJC_ROOT_CLASS = YES_ERROR;
				CLANG_WARN_RANGE_LOOP_ANALYSIS = YES;
				CLANG_WARN_STRICT_PROTOTYPES = YES;
				CLANG_WARN_SUSPICIOUS_MOVE = YES;
				CLANG_WARN_UNGUARDED_AVAILABILITY = YES_AGGRESSIVE;
				CLANG_WARN_UNREACHABLE_CODE = YES;
				CLANG_WARN__DUPLICATE_METHOD_MATCH = YES;
				CODE_SIGN_IDENTITY = "iPhone Developer";
				COPY_PHASE_STRIP = NO;
				DEBUG_INFORMATION_FORMAT = dwarf;
				ENABLE_STRICT_OBJC_MSGSEND = YES;
				ENABLE_TESTABILITY = YES;
				GCC_C_LANGUAGE_STANDARD = gnu11;
				GCC_DYNAMIC_NO_PIC = NO;
				GCC_NO_COMMON_BLOCKS = YES;
				GCC_OPTIMIZATION_LEVEL = 0;
				GCC_PREPROCESSOR_DEFINITIONS = (
					"DEBUG=1",
					"$(inherited)",
				);
				GCC_WARN_64_TO_32_BIT_CONVERSION = YES;
				GCC_WARN_ABOUT_RETURN_TYPE = YES_ERROR;
				GCC_WARN_UNDECLARED_SELECTOR = YES;
				GCC_WARN_UNINITIALIZED_AUTOS = YES_AGGRESSIVE;
				GCC_WARN_UNUSED_FUNCTION = YES;
				GCC_WARN_UNUSED_VARIABLE = YES;
				IPHONEOS_DEPLOYMENT_TARGET = 9.3;
				MTL_ENABLE_DEBUG_INFO = YES;
				ONLY_ACTIVE_ARCH = YES;
				SDKROOT = iphoneos;
				SWIFT_ACTIVE_COMPILATION_CONDITIONS = DEBUG;
				SWIFT_OPTIMIZATION_LEVEL = "-Onone";
			};
			name = Debug;
		};
		A80539E520685A650059562D /* Release */ = {
			isa = XCBuildConfiguration;
			buildSettings = {
				ALWAYS_SEARCH_USER_PATHS = NO;
				CLANG_ANALYZER_NONNULL = YES;
				CLANG_ANALYZER_NUMBER_OBJECT_CONVERSION = YES_AGGRESSIVE;
				CLANG_CXX_LANGUAGE_STANDARD = "gnu++14";
				CLANG_CXX_LIBRARY = "libc++";
				CLANG_ENABLE_MODULES = YES;
				CLANG_ENABLE_OBJC_ARC = YES;
				CLANG_WARN_BLOCK_CAPTURE_AUTORELEASING = YES;
				CLANG_WARN_BOOL_CONVERSION = YES;
				CLANG_WARN_COMMA = YES;
				CLANG_WARN_CONSTANT_CONVERSION = YES;
				CLANG_WARN_DEPRECATED_OBJC_IMPLEMENTATIONS = YES;
				CLANG_WARN_DIRECT_OBJC_ISA_USAGE = YES_ERROR;
				CLANG_WARN_DOCUMENTATION_COMMENTS = YES;
				CLANG_WARN_EMPTY_BODY = YES;
				CLANG_WARN_ENUM_CONVERSION = YES;
				CLANG_WARN_INFINITE_RECURSION = YES;
				CLANG_WARN_INT_CONVERSION = YES;
				CLANG_WARN_NON_LITERAL_NULL_CONVERSION = YES;
				CLANG_WARN_OBJC_IMPLICIT_RETAIN_SELF = YES;
				CLANG_WARN_OBJC_LITERAL_CONVERSION = YES;
				CLANG_WARN_OBJC_ROOT_CLASS = YES_ERROR;
				CLANG_WARN_RANGE_LOOP_ANALYSIS = YES;
				CLANG_WARN_STRICT_PROTOTYPES = YES;
				CLANG_WARN_SUSPICIOUS_MOVE = YES;
				CLANG_WARN_UNGUARDED_AVAILABILITY = YES_AGGRESSIVE;
				CLANG_WARN_UNREACHABLE_CODE = YES;
				CLANG_WARN__DUPLICATE_METHOD_MATCH = YES;
				CODE_SIGN_IDENTITY = "iPhone Developer";
				COPY_PHASE_STRIP = NO;
				DEBUG_INFORMATION_FORMAT = "dwarf-with-dsym";
				ENABLE_NS_ASSERTIONS = NO;
				ENABLE_STRICT_OBJC_MSGSEND = YES;
				GCC_C_LANGUAGE_STANDARD = gnu11;
				GCC_NO_COMMON_BLOCKS = YES;
				GCC_WARN_64_TO_32_BIT_CONVERSION = YES;
				GCC_WARN_ABOUT_RETURN_TYPE = YES_ERROR;
				GCC_WARN_UNDECLARED_SELECTOR = YES;
				GCC_WARN_UNINITIALIZED_AUTOS = YES_AGGRESSIVE;
				GCC_WARN_UNUSED_FUNCTION = YES;
				GCC_WARN_UNUSED_VARIABLE = YES;
				IPHONEOS_DEPLOYMENT_TARGET = 9.3;
				MTL_ENABLE_DEBUG_INFO = NO;
				SDKROOT = iphoneos;
				SWIFT_OPTIMIZATION_LEVEL = "-Owholemodule";
				VALIDATE_PRODUCT = YES;
			};
			name = Release;
		};
		A80539E720685A650059562D /* Debug */ = {
			isa = XCBuildConfiguration;
			buildSettings = {
				ASSETCATALOG_COMPILER_APPICON_NAME = AppIcon;
				CODE_SIGN_STYLE = Automatic;
				DEVELOPMENT_TEAM = 98649TC62J;
				INFOPLIST_FILE = "Block Rush/Info.plist";
				IPHONEOS_DEPLOYMENT_TARGET = 9.3;
				LD_RUNPATH_SEARCH_PATHS = "$(inherited) @executable_path/Frameworks";
				PRODUCT_BUNDLE_IDENTIFIER = "com.sebmansigh.Block-Rush";
				PRODUCT_NAME = "$(TARGET_NAME)";
				SWIFT_VERSION = 4.2;
				TARGETED_DEVICE_FAMILY = "1,2";
			};
			name = Debug;
		};
		A80539E820685A650059562D /* Release */ = {
			isa = XCBuildConfiguration;
			buildSettings = {
				ASSETCATALOG_COMPILER_APPICON_NAME = AppIcon;
				CODE_SIGN_STYLE = Automatic;
				DEVELOPMENT_TEAM = 98649TC62J;
				INFOPLIST_FILE = "Block Rush/Info.plist";
				IPHONEOS_DEPLOYMENT_TARGET = 9.3;
				LD_RUNPATH_SEARCH_PATHS = "$(inherited) @executable_path/Frameworks";
				PRODUCT_BUNDLE_IDENTIFIER = "com.sebmansigh.Block-Rush";
				PRODUCT_NAME = "$(TARGET_NAME)";
				SWIFT_VERSION = 4.2;
				TARGETED_DEVICE_FAMILY = "1,2";
			};
			name = Release;
		};
		A80539EA20685A650059562D /* Debug */ = {
			isa = XCBuildConfiguration;
			buildSettings = {
				ALWAYS_EMBED_SWIFT_STANDARD_LIBRARIES = YES;
				BUNDLE_LOADER = "$(TEST_HOST)";
				CODE_SIGN_STYLE = Automatic;
				DEVELOPMENT_TEAM = 98649TC62J;
				INFOPLIST_FILE = "Block RushTests/Info.plist";
				LD_RUNPATH_SEARCH_PATHS = "$(inherited) @executable_path/Frameworks @loader_path/Frameworks";
				PRODUCT_BUNDLE_IDENTIFIER = "com.sebmansigh.Block-RushTests";
				PRODUCT_NAME = "$(TARGET_NAME)";
				SWIFT_VERSION = 4.2;
				TARGETED_DEVICE_FAMILY = "1,2";
				TEST_HOST = "$(BUILT_PRODUCTS_DIR)/Block Rush.app/Block Rush";
			};
			name = Debug;
		};
		A80539EB20685A650059562D /* Release */ = {
			isa = XCBuildConfiguration;
			buildSettings = {
				ALWAYS_EMBED_SWIFT_STANDARD_LIBRARIES = YES;
				BUNDLE_LOADER = "$(TEST_HOST)";
				CODE_SIGN_STYLE = Automatic;
				DEVELOPMENT_TEAM = 98649TC62J;
				INFOPLIST_FILE = "Block RushTests/Info.plist";
				LD_RUNPATH_SEARCH_PATHS = "$(inherited) @executable_path/Frameworks @loader_path/Frameworks";
				PRODUCT_BUNDLE_IDENTIFIER = "com.sebmansigh.Block-RushTests";
				PRODUCT_NAME = "$(TARGET_NAME)";
				SWIFT_VERSION = 4.2;
				TARGETED_DEVICE_FAMILY = "1,2";
				TEST_HOST = "$(BUILT_PRODUCTS_DIR)/Block Rush.app/Block Rush";
			};
			name = Release;
		};
		A80539ED20685A650059562D /* Debug */ = {
			isa = XCBuildConfiguration;
			buildSettings = {
				ALWAYS_EMBED_SWIFT_STANDARD_LIBRARIES = YES;
				CODE_SIGN_STYLE = Automatic;
				DEVELOPMENT_TEAM = 98649TC62J;
				INFOPLIST_FILE = "Block RushUITests/Info.plist";
				LD_RUNPATH_SEARCH_PATHS = "$(inherited) @executable_path/Frameworks @loader_path/Frameworks";
				PRODUCT_BUNDLE_IDENTIFIER = "com.sebmansigh.Block-RushUITests";
				PRODUCT_NAME = "$(TARGET_NAME)";
				SWIFT_VERSION = 4.2;
				TARGETED_DEVICE_FAMILY = "1,2";
				TEST_TARGET_NAME = "Block Rush";
			};
			name = Debug;
		};
		A80539EE20685A650059562D /* Release */ = {
			isa = XCBuildConfiguration;
			buildSettings = {
				ALWAYS_EMBED_SWIFT_STANDARD_LIBRARIES = YES;
				CODE_SIGN_STYLE = Automatic;
				DEVELOPMENT_TEAM = 98649TC62J;
				INFOPLIST_FILE = "Block RushUITests/Info.plist";
				LD_RUNPATH_SEARCH_PATHS = "$(inherited) @executable_path/Frameworks @loader_path/Frameworks";
				PRODUCT_BUNDLE_IDENTIFIER = "com.sebmansigh.Block-RushUITests";
				PRODUCT_NAME = "$(TARGET_NAME)";
				SWIFT_VERSION = 4.2;
				TARGETED_DEVICE_FAMILY = "1,2";
				TEST_TARGET_NAME = "Block Rush";
			};
			name = Release;
		};
/* End XCBuildConfiguration section */

/* Begin XCConfigurationList section */
		A80539B320685A650059562D /* Build configuration list for PBXProject "Block Rush" */ = {
			isa = XCConfigurationList;
			buildConfigurations = (
				A80539E420685A650059562D /* Debug */,
				A80539E520685A650059562D /* Release */,
			);
			defaultConfigurationIsVisible = 0;
			defaultConfigurationName = Release;
		};
		A80539E620685A650059562D /* Build configuration list for PBXNativeTarget "Block Rush" */ = {
			isa = XCConfigurationList;
			buildConfigurations = (
				A80539E720685A650059562D /* Debug */,
				A80539E820685A650059562D /* Release */,
			);
			defaultConfigurationIsVisible = 0;
			defaultConfigurationName = Release;
		};
		A80539E920685A650059562D /* Build configuration list for PBXNativeTarget "Block RushTests" */ = {
			isa = XCConfigurationList;
			buildConfigurations = (
				A80539EA20685A650059562D /* Debug */,
				A80539EB20685A650059562D /* Release */,
			);
			defaultConfigurationIsVisible = 0;
			defaultConfigurationName = Release;
		};
		A80539EC20685A650059562D /* Build configuration list for PBXNativeTarget "Block RushUITests" */ = {
			isa = XCConfigurationList;
			buildConfigurations = (
				A80539ED20685A650059562D /* Debug */,
				A80539EE20685A650059562D /* Release */,
			);
			defaultConfigurationIsVisible = 0;
			defaultConfigurationName = Release;
		};
/* End XCConfigurationList section */
	};
	rootObject = A80539B020685A650059562D /* Project object */;
}
